
Microsoft Visual Studio Solution File, Format Version 12.00
# Visual Studio Version 16
VisualStudioVersion = 16.0.32630.194
MinimumVisualStudioVersion = 10.0.40219.1
Project("{FAE04EC0-301F-11D3-BF4B-00C04F79EFBC}") = "ExpenseApp", "ExpenseApp.csproj", "{420519B1-0436-4351-AE40-F2529C5801EC}"
EndProject
Global
	GlobalSection(SolutionConfigurationPlatforms) = preSolution
		Debug|Any CPU = Debug|Any CPU
		Release|Any CPU = Release|Any CPU
	EndGlobalSection
	GlobalSection(ProjectConfigurationPlatforms) = postSolution
		{420519B1-0436-4351-AE40-F2529C5801EC}.Debug|Any CPU.ActiveCfg = Debug|Any CPU
		{420519B1-0436-4351-AE40-F2529C5801EC}.Debug|Any CPU.Build.0 = Debug|Any CPU
		{420519B1-0436-4351-AE40-F2529C5801EC}.Release|Any CPU.ActiveCfg = Release|Any CPU
		{420519B1-0436-4351-AE40-F2529C5801EC}.Release|Any CPU.Build.0 = Release|Any CPU
	EndGlobalSection
	GlobalSection(SolutionProperties) = preSolution
		HideSolutionNode = FALSE
	EndGlobalSection
	GlobalSection(ExtensibilityGlobals) = postSolution
		SolutionGuid = {4899BA33-FDFC-4C20-9CD1-BB3FD15D41D8}
	EndGlobalSection
EndGlobal
